// !$*UTF8*$!
{
	archiveVersion = 1;
	classes = {
	};
	objectVersion = 56;
	objects = {

/* Begin PBXBuildFile section */
		2E2A78782C138311003C1836 /* 2_Autorization.swift in Sources */ = {isa = PBXBuildFile; fileRef = 2E2A78772C138311003C1836 /* 2_Autorization.swift */; };
		2E2A787A2C138354003C1836 /* 3_Registration.swift in Sources */ = {isa = PBXBuildFile; fileRef = 2E2A78792C138354003C1836 /* 3_Registration.swift */; };
		2E2A787C2C138FBC003C1836 /* NetworkModel.swift in Sources */ = {isa = PBXBuildFile; fileRef = 2E2A787B2C138FBC003C1836 /* NetworkModel.swift */; };
		2E2A787E2C1397C9003C1836 /* AlertServise.swift in Sources */ = {isa = PBXBuildFile; fileRef = 2E2A787D2C1397C9003C1836 /* AlertServise.swift */; };
		2E2A78802C139CAC003C1836 /* 4_MainPageView.swift in Sources */ = {isa = PBXBuildFile; fileRef = 2E2A787F2C139CAC003C1836 /* 4_MainPageView.swift */; };
		2E2A78822C143B20003C1836 /* UserModel.swift in Sources */ = {isa = PBXBuildFile; fileRef = 2E2A78812C143B20003C1836 /* UserModel.swift */; };
		2E8C0AE12C14DA6B00A19FB4 /* ErrorsModel.swift in Sources */ = {isa = PBXBuildFile; fileRef = 2E8C0AE02C14DA6B00A19FB4 /* ErrorsModel.swift */; };
		2E8C0AE32C14E66900A19FB4 /* PoiretOne-Regular.ttf in Resources */ = {isa = PBXBuildFile; fileRef = 2E8C0AE22C14E66900A19FB4 /* PoiretOne-Regular.ttf */; };
		2EC0122E2C0CA2FA0029AAE8 /* W2WMatchApp.swift in Sources */ = {isa = PBXBuildFile; fileRef = 2EC0122D2C0CA2FA0029AAE8 /* W2WMatchApp.swift */; };
		2EC012302C0CA2FA0029AAE8 /* 1_HelloView.swift in Sources */ = {isa = PBXBuildFile; fileRef = 2EC0122F2C0CA2FA0029AAE8 /* 1_HelloView.swift */; };
		2EC012322C0CA2FF0029AAE8 /* Assets.xcassets in Resources */ = {isa = PBXBuildFile; fileRef = 2EC012312C0CA2FF0029AAE8 /* Assets.xcassets */; };
		2EC012352C0CA2FF0029AAE8 /* Preview Assets.xcassets in Resources */ = {isa = PBXBuildFile; fileRef = 2EC012342C0CA2FF0029AAE8 /* Preview Assets.xcassets */; };
		2EC0123D2C0F133C0029AAE8 /* FelidaeFont.ttf in Resources */ = {isa = PBXBuildFile; fileRef = 2EC0123C2C0F133C0029AAE8 /* FelidaeFont.ttf */; };
		2EC012412C10E1080029AAE8 /* Separator.swift in Sources */ = {isa = PBXBuildFile; fileRef = 2EC012402C10E1080029AAE8 /* Separator.swift */; };
		2EC012432C10F3570029AAE8 /* starView.swift in Sources */ = {isa = PBXBuildFile; fileRef = 2EC012422C10F3570029AAE8 /* starView.swift */; };
/* End PBXBuildFile section */

/* Begin PBXFileReference section */
		2E2A78772C138311003C1836 /* 2_Autorization.swift */ = {isa = PBXFileReference; lastKnownFileType = sourcecode.swift; path = 2_Autorization.swift; sourceTree = "<group>"; };
		2E2A78792C138354003C1836 /* 3_Registration.swift */ = {isa = PBXFileReference; lastKnownFileType = sourcecode.swift; path = 3_Registration.swift; sourceTree = "<group>"; };
		2E2A787B2C138FBC003C1836 /* NetworkModel.swift */ = {isa = PBXFileReference; lastKnownFileType = sourcecode.swift; path = NetworkModel.swift; sourceTree = "<group>"; };
		2E2A787D2C1397C9003C1836 /* AlertServise.swift */ = {isa = PBXFileReference; lastKnownFileType = sourcecode.swift; path = AlertServise.swift; sourceTree = "<group>"; };
		2E2A787F2C139CAC003C1836 /* 4_MainPageView.swift */ = {isa = PBXFileReference; lastKnownFileType = sourcecode.swift; path = 4_MainPageView.swift; sourceTree = "<group>"; };
		2E2A78812C143B20003C1836 /* UserModel.swift */ = {isa = PBXFileReference; lastKnownFileType = sourcecode.swift; path = UserModel.swift; sourceTree = "<group>"; };
		2E8C0AE02C14DA6B00A19FB4 /* ErrorsModel.swift */ = {isa = PBXFileReference; lastKnownFileType = sourcecode.swift; path = ErrorsModel.swift; sourceTree = "<group>"; };
		2E8C0AE22C14E66900A19FB4 /* PoiretOne-Regular.ttf */ = {isa = PBXFileReference; lastKnownFileType = file; path = "PoiretOne-Regular.ttf"; sourceTree = "<group>"; };
		2EC0122A2C0CA2FA0029AAE8 /* W2WMatch.app */ = {isa = PBXFileReference; explicitFileType = wrapper.application; includeInIndex = 0; path = W2WMatch.app; sourceTree = BUILT_PRODUCTS_DIR; };
		2EC0122D2C0CA2FA0029AAE8 /* W2WMatchApp.swift */ = {isa = PBXFileReference; lastKnownFileType = sourcecode.swift; path = W2WMatchApp.swift; sourceTree = "<group>"; };
		2EC0122F2C0CA2FA0029AAE8 /* 1_HelloView.swift */ = {isa = PBXFileReference; lastKnownFileType = sourcecode.swift; path = 1_HelloView.swift; sourceTree = "<group>"; };
		2EC012312C0CA2FF0029AAE8 /* Assets.xcassets */ = {isa = PBXFileReference; lastKnownFileType = folder.assetcatalog; path = Assets.xcassets; sourceTree = "<group>"; };
		2EC012342C0CA2FF0029AAE8 /* Preview Assets.xcassets */ = {isa = PBXFileReference; lastKnownFileType = folder.assetcatalog; path = "Preview Assets.xcassets"; sourceTree = "<group>"; };
		2EC0123B2C0E53E70029AAE8 /* Info.plist */ = {isa = PBXFileReference; lastKnownFileType = text.plist; path = Info.plist; sourceTree = "<group>"; };
		2EC0123C2C0F133C0029AAE8 /* FelidaeFont.ttf */ = {isa = PBXFileReference; lastKnownFileType = file; path = FelidaeFont.ttf; sourceTree = "<group>"; };
		2EC012402C10E1080029AAE8 /* Separator.swift */ = {isa = PBXFileReference; lastKnownFileType = sourcecode.swift; path = Separator.swift; sourceTree = "<group>"; };
		2EC012422C10F3570029AAE8 /* starView.swift */ = {isa = PBXFileReference; lastKnownFileType = sourcecode.swift; path = starView.swift; sourceTree = "<group>"; };
/* End PBXFileReference section */

/* Begin PBXFrameworksBuildPhase section */
		2EC012272C0CA2FA0029AAE8 /* Frameworks */ = {
			isa = PBXFrameworksBuildPhase;
			buildActionMask = 2147483647;
			files = (
			);
			runOnlyForDeploymentPostprocessing = 0;
		};
/* End PBXFrameworksBuildPhase section */

/* Begin PBXGroup section */
		2E2A78752C12523A003C1836 /* Models */ = {
			isa = PBXGroup;
			children = (
				2E2A787B2C138FBC003C1836 /* NetworkModel.swift */,
				2E8C0AE02C14DA6B00A19FB4 /* ErrorsModel.swift */,
				2E2A787D2C1397C9003C1836 /* AlertServise.swift */,
				2E2A78812C143B20003C1836 /* UserModel.swift */,
			);
			path = Models;
			sourceTree = "<group>";
		};
		2E2A78762C125243003C1836 /* Views */ = {
			isa = PBXGroup;
			children = (
				2EC012422C10F3570029AAE8 /* starView.swift */,
				2EC012402C10E1080029AAE8 /* Separator.swift */,
				2EC0122F2C0CA2FA0029AAE8 /* 1_HelloView.swift */,
				2E2A78772C138311003C1836 /* 2_Autorization.swift */,
				2E2A78792C138354003C1836 /* 3_Registration.swift */,
				2E2A787F2C139CAC003C1836 /* 4_MainPageView.swift */,
			);
			path = Views;
			sourceTree = "<group>";
		};
		2EC012212C0CA2FA0029AAE8 = {
			isa = PBXGroup;
			children = (
				2EC0122C2C0CA2FA0029AAE8 /* W2WMatch */,
				2EC0122B2C0CA2FA0029AAE8 /* Products */,
			);
			sourceTree = "<group>";
		};
		2EC0122B2C0CA2FA0029AAE8 /* Products */ = {
			isa = PBXGroup;
			children = (
				2EC0122A2C0CA2FA0029AAE8 /* W2WMatch.app */,
			);
			name = Products;
			sourceTree = "<group>";
		};
		2EC0122C2C0CA2FA0029AAE8 /* W2WMatch */ = {
			isa = PBXGroup;
			children = (
				2EC0123B2C0E53E70029AAE8 /* Info.plist */,
				2EC0123C2C0F133C0029AAE8 /* FelidaeFont.ttf */,
				2E8C0AE22C14E66900A19FB4 /* PoiretOne-Regular.ttf */,
				2EC0122D2C0CA2FA0029AAE8 /* W2WMatchApp.swift */,
				2E2A78752C12523A003C1836 /* Models */,
				2E2A78762C125243003C1836 /* Views */,
				2EC012312C0CA2FF0029AAE8 /* Assets.xcassets */,
				2EC012332C0CA2FF0029AAE8 /* Preview Content */,
			);
			path = W2WMatch;
			sourceTree = "<group>";
		};
		2EC012332C0CA2FF0029AAE8 /* Preview Content */ = {
			isa = PBXGroup;
			children = (
				2EC012342C0CA2FF0029AAE8 /* Preview Assets.xcassets */,
			);
			path = "Preview Content";
			sourceTree = "<group>";
		};
/* End PBXGroup section */

/* Begin PBXNativeTarget section */
		2EC012292C0CA2FA0029AAE8 /* W2WMatch */ = {
			isa = PBXNativeTarget;
			buildConfigurationList = 2EC012382C0CA2FF0029AAE8 /* Build configuration list for PBXNativeTarget "W2WMatch" */;
			buildPhases = (
				2EC012262C0CA2FA0029AAE8 /* Sources */,
				2EC012272C0CA2FA0029AAE8 /* Frameworks */,
				2EC012282C0CA2FA0029AAE8 /* Resources */,
			);
			buildRules = (
			);
			dependencies = (
			);
			name = W2WMatch;
			productName = W2WMatch;
			productReference = 2EC0122A2C0CA2FA0029AAE8 /* W2WMatch.app */;
			productType = "com.apple.product-type.application";
		};
/* End PBXNativeTarget section */

/* Begin PBXProject section */
		2EC012222C0CA2FA0029AAE8 /* Project object */ = {
			isa = PBXProject;
			attributes = {
				BuildIndependentTargetsInParallel = 1;
				LastSwiftUpdateCheck = 1530;
				LastUpgradeCheck = 1530;
				TargetAttributes = {
					2EC012292C0CA2FA0029AAE8 = {
						CreatedOnToolsVersion = 15.3;
					};
				};
			};
			buildConfigurationList = 2EC012252C0CA2FA0029AAE8 /* Build configuration list for PBXProject "W2WMatch" */;
			compatibilityVersion = "Xcode 14.0";
			developmentRegion = en;
			hasScannedForEncodings = 0;
			knownRegions = (
				en,
				Base,
			);
			mainGroup = 2EC012212C0CA2FA0029AAE8;
			productRefGroup = 2EC0122B2C0CA2FA0029AAE8 /* Products */;
			projectDirPath = "";
			projectRoot = "";
			targets = (
				2EC012292C0CA2FA0029AAE8 /* W2WMatch */,
			);
		};
/* End PBXProject section */

/* Begin PBXResourcesBuildPhase section */
		2EC012282C0CA2FA0029AAE8 /* Resources */ = {
			isa = PBXResourcesBuildPhase;
			buildActionMask = 2147483647;
			files = (
				2EC0123D2C0F133C0029AAE8 /* FelidaeFont.ttf in Resources */,
				2E8C0AE32C14E66900A19FB4 /* PoiretOne-Regular.ttf in Resources */,
				2EC012352C0CA2FF0029AAE8 /* Preview Assets.xcassets in Resources */,
				2EC012322C0CA2FF0029AAE8 /* Assets.xcassets in Resources */,
			);
			runOnlyForDeploymentPostprocessing = 0;
		};
/* End PBXResourcesBuildPhase section */

/* Begin PBXSourcesBuildPhase section */
		2EC012262C0CA2FA0029AAE8 /* Sources */ = {
			isa = PBXSourcesBuildPhase;
			buildActionMask = 2147483647;
			files = (
				2E8C0AE12C14DA6B00A19FB4 /* ErrorsModel.swift in Sources */,
				2EC012302C0CA2FA0029AAE8 /* 1_HelloView.swift in Sources */,
				2EC0122E2C0CA2FA0029AAE8 /* W2WMatchApp.swift in Sources */,
				2EC012432C10F3570029AAE8 /* starView.swift in Sources */,
				2E2A78782C138311003C1836 /* 2_Autorization.swift in Sources */,
				2E2A787A2C138354003C1836 /* 3_Registration.swift in Sources */,
				2E2A787C2C138FBC003C1836 /* NetworkModel.swift in Sources */,
				2E2A787E2C1397C9003C1836 /* AlertServise.swift in Sources */,
				2EC012412C10E1080029AAE8 /* Separator.swift in Sources */,
				2E2A78822C143B20003C1836 /* UserModel.swift in Sources */,
				2E2A78802C139CAC003C1836 /* 4_MainPageView.swift in Sources */,
			);
			runOnlyForDeploymentPostprocessing = 0;
		};
/* End PBXSourcesBuildPhase section */

/* Begin XCBuildConfiguration section */
		2EC012362C0CA2FF0029AAE8 /* Debug */ = {
			isa = XCBuildConfiguration;
			buildSettings = {
				ALWAYS_SEARCH_USER_PATHS = NO;
				ASSETCATALOG_COMPILER_GENERATE_SWIFT_ASSET_SYMBOL_EXTENSIONS = YES;
				CLANG_ANALYZER_NONNULL = YES;
				CLANG_ANALYZER_NUMBER_OBJECT_CONVERSION = YES_AGGRESSIVE;
				CLANG_CXX_LANGUAGE_STANDARD = "gnu++20";
				CLANG_ENABLE_MODULES = YES;
				CLANG_ENABLE_OBJC_ARC = YES;
				CLANG_ENABLE_OBJC_WEAK = YES;
				CLANG_WARN_BLOCK_CAPTURE_AUTORELEASING = YES;
				CLANG_WARN_BOOL_CONVERSION = YES;
				CLANG_WARN_COMMA = YES;
				CLANG_WARN_CONSTANT_CONVERSION = YES;
				CLANG_WARN_DEPRECATED_OBJC_IMPLEMENTATIONS = YES;
				CLANG_WARN_DIRECT_OBJC_ISA_USAGE = YES_ERROR;
				CLANG_WARN_DOCUMENTATION_COMMENTS = YES;
				CLANG_WARN_EMPTY_BODY = YES;
				CLANG_WARN_ENUM_CONVERSION = YES;
				CLANG_WARN_INFINITE_RECURSION = YES;
				CLANG_WARN_INT_CONVERSION = YES;
				CLANG_WARN_NON_LITERAL_NULL_CONVERSION = YES;
				CLANG_WARN_OBJC_IMPLICIT_RETAIN_SELF = YES;
				CLANG_WARN_OBJC_LITERAL_CONVERSION = YES;
				CLANG_WARN_OBJC_ROOT_CLASS = YES_ERROR;
				CLANG_WARN_QUOTED_INCLUDE_IN_FRAMEWORK_HEADER = YES;
				CLANG_WARN_RANGE_LOOP_ANALYSIS = YES;
				CLANG_WARN_STRICT_PROTOTYPES = YES;
				CLANG_WARN_SUSPICIOUS_MOVE = YES;
				CLANG_WARN_UNGUARDED_AVAILABILITY = YES_AGGRESSIVE;
				CLANG_WARN_UNREACHABLE_CODE = YES;
				CLANG_WARN__DUPLICATE_METHOD_MATCH = YES;
				COPY_PHASE_STRIP = NO;
				DEBUG_INFORMATION_FORMAT = dwarf;
				ENABLE_STRICT_OBJC_MSGSEND = YES;
				ENABLE_TESTABILITY = YES;
				ENABLE_USER_SCRIPT_SANDBOXING = YES;
				GCC_C_LANGUAGE_STANDARD = gnu17;
				GCC_DYNAMIC_NO_PIC = NO;
				GCC_NO_COMMON_BLOCKS = YES;
				GCC_OPTIMIZATION_LEVEL = 0;
				GCC_PREPROCESSOR_DEFINITIONS = (
					"DEBUG=1",
					"$(inherited)",
				);
				GCC_WARN_64_TO_32_BIT_CONVERSION = YES;
				GCC_WARN_ABOUT_RETURN_TYPE = YES_ERROR;
				GCC_WARN_UNDECLARED_SELECTOR = YES;
				GCC_WARN_UNINITIALIZED_AUTOS = YES_AGGRESSIVE;
				GCC_WARN_UNUSED_FUNCTION = YES;
				GCC_WARN_UNUSED_VARIABLE = YES;
				IPHONEOS_DEPLOYMENT_TARGET = 16.4;
				LOCALIZATION_PREFERS_STRING_CATALOGS = YES;
				MTL_ENABLE_DEBUG_INFO = INCLUDE_SOURCE;
				MTL_FAST_MATH = YES;
				ONLY_ACTIVE_ARCH = YES;
				SDKROOT = iphoneos;
				SWIFT_ACTIVE_COMPILATION_CONDITIONS = "DEBUG $(inherited)";
				SWIFT_OPTIMIZATION_LEVEL = "-Onone";
			};
			name = Debug;
		};
		2EC012372C0CA2FF0029AAE8 /* Release */ = {
			isa = XCBuildConfiguration;
			buildSettings = {
				ALWAYS_SEARCH_USER_PATHS = NO;
				ASSETCATALOG_COMPILER_GENERATE_SWIFT_ASSET_SYMBOL_EXTENSIONS = YES;
				CLANG_ANALYZER_NONNULL = YES;
				CLANG_ANALYZER_NUMBER_OBJECT_CONVERSION = YES_AGGRESSIVE;
				CLANG_CXX_LANGUAGE_STANDARD = "gnu++20";
				CLANG_ENABLE_MODULES = YES;
				CLANG_ENABLE_OBJC_ARC = YES;
				CLANG_ENABLE_OBJC_WEAK = YES;
				CLANG_WARN_BLOCK_CAPTURE_AUTORELEASING = YES;
				CLANG_WARN_BOOL_CONVERSION = YES;
				CLANG_WARN_COMMA = YES;
				CLANG_WARN_CONSTANT_CONVERSION = YES;
				CLANG_WARN_DEPRECATED_OBJC_IMPLEMENTATIONS = YES;
				CLANG_WARN_DIRECT_OBJC_ISA_USAGE = YES_ERROR;
				CLANG_WARN_DOCUMENTATION_COMMENTS = YES;
				CLANG_WARN_EMPTY_BODY = YES;
				CLANG_WARN_ENUM_CONVERSION = YES;
				CLANG_WARN_INFINITE_RECURSION = YES;
				CLANG_WARN_INT_CONVERSION = YES;
				CLANG_WARN_NON_LITERAL_NULL_CONVERSION = YES;
				CLANG_WARN_OBJC_IMPLICIT_RETAIN_SELF = YES;
				CLANG_WARN_OBJC_LITERAL_CONVERSION = YES;
				CLANG_WARN_OBJC_ROOT_CLASS = YES_ERROR;
				CLANG_WARN_QUOTED_INCLUDE_IN_FRAMEWORK_HEADER = YES;
				CLANG_WARN_RANGE_LOOP_ANALYSIS = YES;
				CLANG_WARN_STRICT_PROTOTYPES = YES;
				CLANG_WARN_SUSPICIOUS_MOVE = YES;
				CLANG_WARN_UNGUARDED_AVAILABILITY = YES_AGGRESSIVE;
				CLANG_WARN_UNREACHABLE_CODE = YES;
				CLANG_WARN__DUPLICATE_METHOD_MATCH = YES;
				COPY_PHASE_STRIP = NO;
				DEBUG_INFORMATION_FORMAT = "dwarf-with-dsym";
				ENABLE_NS_ASSERTIONS = NO;
				ENABLE_STRICT_OBJC_MSGSEND = YES;
				ENABLE_USER_SCRIPT_SANDBOXING = YES;
				GCC_C_LANGUAGE_STANDARD = gnu17;
				GCC_NO_COMMON_BLOCKS = YES;
				GCC_WARN_64_TO_32_BIT_CONVERSION = YES;
				GCC_WARN_ABOUT_RETURN_TYPE = YES_ERROR;
				GCC_WARN_UNDECLARED_SELECTOR = YES;
				GCC_WARN_UNINITIALIZED_AUTOS = YES_AGGRESSIVE;
				GCC_WARN_UNUSED_FUNCTION = YES;
				GCC_WARN_UNUSED_VARIABLE = YES;
				IPHONEOS_DEPLOYMENT_TARGET = 16.4;
				LOCALIZATION_PREFERS_STRING_CATALOGS = YES;
				MTL_ENABLE_DEBUG_INFO = NO;
				MTL_FAST_MATH = YES;
				SDKROOT = iphoneos;
				SWIFT_COMPILATION_MODE = wholemodule;
				VALIDATE_PRODUCT = YES;
			};
			name = Release;
		};
		2EC012392C0CA2FF0029AAE8 /* Debug */ = {
			isa = XCBuildConfiguration;
			buildSettings = {
				ASSETCATALOG_COMPILER_APPICON_NAME = AppIcon;
				ASSETCATALOG_COMPILER_GLOBAL_ACCENT_COLOR_NAME = AccentColor;
				CODE_SIGN_STYLE = Automatic;
				CURRENT_PROJECT_VERSION = 1;
				DEVELOPMENT_ASSET_PATHS = "\"W2WMatch/Preview Content\"";
				DEVELOPMENT_TEAM = A93E9U8WG3;
				ENABLE_PREVIEWS = YES;
				GENERATE_INFOPLIST_FILE = YES;
				INFOPLIST_FILE = W2WMatch/Info.plist;
				INFOPLIST_KEY_UIApplicationSceneManifest_Generation = YES;
				INFOPLIST_KEY_UIApplicationSupportsIndirectInputEvents = YES;
				INFOPLIST_KEY_UILaunchScreen_Generation = YES;
				INFOPLIST_KEY_UISupportedInterfaceOrientations = UIInterfaceOrientationPortrait;
				INFOPLIST_KEY_UISupportedInterfaceOrientations_iPad = "UIInterfaceOrientationLandscapeLeft UIInterfaceOrientationLandscapeRight UIInterfaceOrientationPortrait UIInterfaceOrientationPortraitUpsideDown";
				IPHONEOS_DEPLOYMENT_TARGET = 16.4;
				LD_RUNPATH_SEARCH_PATHS = (
					"$(inherited)",
					"@executable_path/Frameworks",
				);
				MARKETING_VERSION = 1.0;
				PRODUCT_BUNDLE_IDENTIFIER = floron.W2WMatch;
				PRODUCT_NAME = "$(TARGET_NAME)";
				SUPPORTED_PLATFORMS = "iphoneos iphonesimulator";
				SUPPORTS_MACCATALYST = NO;
				SUPPORTS_MAC_DESIGNED_FOR_IPHONE_IPAD = NO;
				SUPPORTS_XR_DESIGNED_FOR_IPHONE_IPAD = NO;
				SWIFT_EMIT_LOC_STRINGS = YES;
				SWIFT_VERSION = 5.0;
				TARGETED_DEVICE_FAMILY = 1;
			};
			name = Debug;
		};
		2EC0123A2C0CA2FF0029AAE8 /* Release */ = {
			isa = XCBuildConfiguration;
			buildSettings = {
				ASSETCATALOG_COMPILER_APPICON_NAME = AppIcon;
				ASSETCATALOG_COMPILER_GLOBAL_ACCENT_COLOR_NAME = AccentColor;
				CODE_SIGN_STYLE = Automatic;
				CURRENT_PROJECT_VERSION = 1;
				DEVELOPMENT_ASSET_PATHS = "\"W2WMatch/Preview Content\"";
				DEVELOPMENT_TEAM = A93E9U8WG3;
				ENABLE_PREVIEWS = YES;
				GENERATE_INFOPLIST_FILE = YES;
				INFOPLIST_FILE = W2WMatch/Info.plist;
				INFOPLIST_KEY_UIApplicationSceneManifest_Generation = YES;
				INFOPLIST_KEY_UIApplicationSupportsIndirectInputEvents = YES;
				INFOPLIST_KEY_UILaunchScreen_Generation = YES;
				INFOPLIST_KEY_UISupportedInterfaceOrientations = UIInterfaceOrientationPortrait;
				INFOPLIST_KEY_UISupportedInterfaceOrientations_iPad = "UIInterfaceOrientationLandscapeLeft UIInterfaceOrientationLandscapeRight UIInterfaceOrientationPortrait UIInterfaceOrientationPortraitUpsideDown";
				IPHONEOS_DEPLOYMENT_TARGET = 16.4;
				LD_RUNPATH_SEARCH_PATHS = (
					"$(inherited)",
					"@executable_path/Frameworks",
				);
				MARKETING_VERSION = 1.0;
				PRODUCT_BUNDLE_IDENTIFIER = floron.W2WMatch;
				PRODUCT_NAME = "$(TARGET_NAME)";
				SUPPORTED_PLATFORMS = "iphoneos iphonesimulator";
				SUPPORTS_MACCATALYST = NO;
				SUPPORTS_MAC_DESIGNED_FOR_IPHONE_IPAD = NO;
				SUPPORTS_XR_DESIGNED_FOR_IPHONE_IPAD = NO;
				SWIFT_EMIT_LOC_STRINGS = YES;
				SWIFT_VERSION = 5.0;
				TARGETED_DEVICE_FAMILY = 1;
			};
			name = Release;
		};
/* End XCBuildConfiguration section */

/* Begin XCConfigurationList section */
		2EC012252C0CA2FA0029AAE8 /* Build configuration list for PBXProject "W2WMatch" */ = {
			isa = XCConfigurationList;
			buildConfigurations = (
				2EC012362C0CA2FF0029AAE8 /* Debug */,
				2EC012372C0CA2FF0029AAE8 /* Release */,
			);
			defaultConfigurationIsVisible = 0;
			defaultConfigurationName = Release;
		};
		2EC012382C0CA2FF0029AAE8 /* Build configuration list for PBXNativeTarget "W2WMatch" */ = {
			isa = XCConfigurationList;
			buildConfigurations = (
				2EC012392C0CA2FF0029AAE8 /* Debug */,
				2EC0123A2C0CA2FF0029AAE8 /* Release */,
			);
			defaultConfigurationIsVisible = 0;
			defaultConfigurationName = Release;
		};
/* End XCConfigurationList section */
	};
	rootObject = 2EC012222C0CA2FA0029AAE8 /* Project object */;
}
